// !$*UTF8*$!
{
	archiveVersion = 1;
	classes = {
	};
	objectVersion = 50;
	objects = {

/* Begin PBXBuildFile section */
		2C066E2F2581EA100015DAA1 /* AppDelegate.swift in Sources */ = {isa = PBXBuildFile; fileRef = 2C066E2E2581EA100015DAA1 /* AppDelegate.swift */; };
		2C066E312581EA100015DAA1 /* SceneDelegate.swift in Sources */ = {isa = PBXBuildFile; fileRef = 2C066E302581EA100015DAA1 /* SceneDelegate.swift */; };
		2C066E332581EA100015DAA1 /* ViewController.swift in Sources */ = {isa = PBXBuildFile; fileRef = 2C066E322581EA100015DAA1 /* ViewController.swift */; };
		2C066E362581EA100015DAA1 /* Main.storyboard in Resources */ = {isa = PBXBuildFile; fileRef = 2C066E342581EA100015DAA1 /* Main.storyboard */; };
		2C066E382581EA140015DAA1 /* Assets.xcassets in Resources */ = {isa = PBXBuildFile; fileRef = 2C066E372581EA140015DAA1 /* Assets.xcassets */; };
		2C066E3B2581EA140015DAA1 /* LaunchScreen.storyboard in Resources */ = {isa = PBXBuildFile; fileRef = 2C066E392581EA140015DAA1 /* LaunchScreen.storyboard */; };
		2C066E462581EA140015DAA1 /* Checkwork_textbook1Tests.swift in Sources */ = {isa = PBXBuildFile; fileRef = 2C066E452581EA140015DAA1 /* Checkwork_textbook1Tests.swift */; };
		2C066E512581EA140015DAA1 /* Checkwork_textbook1UITests.swift in Sources */ = {isa = PBXBuildFile; fileRef = 2C066E502581EA140015DAA1 /* Checkwork_textbook1UITests.swift */; };
		2C066E682581F5220015DAA1 /* ResultViewController.swift in Sources */ = {isa = PBXBuildFile; fileRef = 2C066E672581F5220015DAA1 /* ResultViewController.swift */; };
/* End PBXBuildFile section */

/* Begin PBXContainerItemProxy section */
		2C066E422581EA140015DAA1 /* PBXContainerItemProxy */ = {
			isa = PBXContainerItemProxy;
			containerPortal = 2C066E232581EA100015DAA1 /* Project object */;
			proxyType = 1;
			remoteGlobalIDString = 2C066E2A2581EA100015DAA1;
			remoteInfo = "Checkwork-textbook1";
		};
		2C066E4D2581EA140015DAA1 /* PBXContainerItemProxy */ = {
			isa = PBXContainerItemProxy;
			containerPortal = 2C066E232581EA100015DAA1 /* Project object */;
			proxyType = 1;
			remoteGlobalIDString = 2C066E2A2581EA100015DAA1;
			remoteInfo = "Checkwork-textbook1";
		};
/* End PBXContainerItemProxy section */

/* Begin PBXFileReference section */
		2C066E2B2581EA100015DAA1 /* Checkwork-textbook1.app */ = {isa = PBXFileReference; explicitFileType = wrapper.application; includeInIndex = 0; path = "Checkwork-textbook1.app"; sourceTree = BUILT_PRODUCTS_DIR; };
		2C066E2E2581EA100015DAA1 /* AppDelegate.swift */ = {isa = PBXFileReference; lastKnownFileType = sourcecode.swift; path = AppDelegate.swift; sourceTree = "<group>"; };
		2C066E302581EA100015DAA1 /* SceneDelegate.swift */ = {isa = PBXFileReference; lastKnownFileType = sourcecode.swift; path = SceneDelegate.swift; sourceTree = "<group>"; };
		2C066E322581EA100015DAA1 /* ViewController.swift */ = {isa = PBXFileReference; lastKnownFileType = sourcecode.swift; path = ViewController.swift; sourceTree = "<group>"; };
		2C066E352581EA100015DAA1 /* Base */ = {isa = PBXFileReference; lastKnownFileType = file.storyboard; name = Base; path = Base.lproj/Main.storyboard; sourceTree = "<group>"; };
		2C066E372581EA140015DAA1 /* Assets.xcassets */ = {isa = PBXFileReference; lastKnownFileType = folder.assetcatalog; path = Assets.xcassets; sourceTree = "<group>"; };
		2C066E3A2581EA140015DAA1 /* Base */ = {isa = PBXFileReference; lastKnownFileType = file.storyboard; name = Base; path = Base.lproj/LaunchScreen.storyboard; sourceTree = "<group>"; };
		2C066E3C2581EA140015DAA1 /* Info.plist */ = {isa = PBXFileReference; lastKnownFileType = text.plist.xml; path = Info.plist; sourceTree = "<group>"; };
		2C066E412581EA140015DAA1 /* Checkwork-textbook1Tests.xctest */ = {isa = PBXFileReference; explicitFileType = wrapper.cfbundle; includeInIndex = 0; path = "Checkwork-textbook1Tests.xctest"; sourceTree = BUILT_PRODUCTS_DIR; };
		2C066E452581EA140015DAA1 /* Checkwork_textbook1Tests.swift */ = {isa = PBXFileReference; lastKnownFileType = sourcecode.swift; path = Checkwork_textbook1Tests.swift; sourceTree = "<group>"; };
		2C066E472581EA140015DAA1 /* Info.plist */ = {isa = PBXFileReference; lastKnownFileType = text.plist.xml; path = Info.plist; sourceTree = "<group>"; };
		2C066E4C2581EA140015DAA1 /* Checkwork-textbook1UITests.xctest */ = {isa = PBXFileReference; explicitFileType = wrapper.cfbundle; includeInIndex = 0; path = "Checkwork-textbook1UITests.xctest"; sourceTree = BUILT_PRODUCTS_DIR; };
		2C066E502581EA140015DAA1 /* Checkwork_textbook1UITests.swift */ = {isa = PBXFileReference; lastKnownFileType = sourcecode.swift; path = Checkwork_textbook1UITests.swift; sourceTree = "<group>"; };
		2C066E522581EA140015DAA1 /* Info.plist */ = {isa = PBXFileReference; lastKnownFileType = text.plist.xml; path = Info.plist; sourceTree = "<group>"; };
		2C066E672581F5220015DAA1 /* ResultViewController.swift */ = {isa = PBXFileReference; lastKnownFileType = sourcecode.swift; path = ResultViewController.swift; sourceTree = "<group>"; };
/* End PBXFileReference section */

/* Begin PBXFrameworksBuildPhase section */
		2C066E282581EA100015DAA1 /* Frameworks */ = {
			isa = PBXFrameworksBuildPhase;
			buildActionMask = 2147483647;
			files = (
			);
			runOnlyForDeploymentPostprocessing = 0;
		};
		2C066E3E2581EA140015DAA1 /* Frameworks */ = {
			isa = PBXFrameworksBuildPhase;
			buildActionMask = 2147483647;
			files = (
			);
			runOnlyForDeploymentPostprocessing = 0;
		};
		2C066E492581EA140015DAA1 /* Frameworks */ = {
			isa = PBXFrameworksBuildPhase;
			buildActionMask = 2147483647;
			files = (
			);
			runOnlyForDeploymentPostprocessing = 0;
		};
/* End PBXFrameworksBuildPhase section */

/* Begin PBXGroup section */
		2C066E222581EA100015DAA1 = {
			isa = PBXGroup;
			children = (
				2C066E2D2581EA100015DAA1 /* Checkwork-textbook1 */,
				2C066E442581EA140015DAA1 /* Checkwork-textbook1Tests */,
				2C066E4F2581EA140015DAA1 /* Checkwork-textbook1UITests */,
				2C066E2C2581EA100015DAA1 /* Products */,
			);
			sourceTree = "<group>";
		};
		2C066E2C2581EA100015DAA1 /* Products */ = {
			isa = PBXGroup;
			children = (
				2C066E2B2581EA100015DAA1 /* Checkwork-textbook1.app */,
				2C066E412581EA140015DAA1 /* Checkwork-textbook1Tests.xctest */,
				2C066E4C2581EA140015DAA1 /* Checkwork-textbook1UITests.xctest */,
			);
			name = Products;
			sourceTree = "<group>";
		};
		2C066E2D2581EA100015DAA1 /* Checkwork-textbook1 */ = {
			isa = PBXGroup;
			children = (
				2C066E2E2581EA100015DAA1 /* AppDelegate.swift */,
				2C066E302581EA100015DAA1 /* SceneDelegate.swift */,
				2C066E322581EA100015DAA1 /* ViewController.swift */,
				2C066E672581F5220015DAA1 /* ResultViewController.swift */,
				2C066E342581EA100015DAA1 /* Main.storyboard */,
				2C066E372581EA140015DAA1 /* Assets.xcassets */,
				2C066E392581EA140015DAA1 /* LaunchScreen.storyboard */,
				2C066E3C2581EA140015DAA1 /* Info.plist */,
			);
			path = "Checkwork-textbook1";
			sourceTree = "<group>";
		};
		2C066E442581EA140015DAA1 /* Checkwork-textbook1Tests */ = {
			isa = PBXGroup;
			children = (
				2C066E452581EA140015DAA1 /* Checkwork_textbook1Tests.swift */,
				2C066E472581EA140015DAA1 /* Info.plist */,
			);
			path = "Checkwork-textbook1Tests";
			sourceTree = "<group>";
		};
		2C066E4F2581EA140015DAA1 /* Checkwork-textbook1UITests */ = {
			isa = PBXGroup;
			children = (
				2C066E502581EA140015DAA1 /* Checkwork_textbook1UITests.swift */,
				2C066E522581EA140015DAA1 /* Info.plist */,
			);
			path = "Checkwork-textbook1UITests";
			sourceTree = "<group>";
		};
/* End PBXGroup section */

/* Begin PBXNativeTarget section */
		2C066E2A2581EA100015DAA1 /* Checkwork-textbook1 */ = {
			isa = PBXNativeTarget;
			buildConfigurationList = 2C066E552581EA140015DAA1 /* Build configuration list for PBXNativeTarget "Checkwork-textbook1" */;
			buildPhases = (
				2C066E272581EA100015DAA1 /* Sources */,
				2C066E282581EA100015DAA1 /* Frameworks */,
				2C066E292581EA100015DAA1 /* Resources */,
			);
			buildRules = (
			);
			dependencies = (
			);
			name = "Checkwork-textbook1";
			productName = "Checkwork-textbook1";
			productReference = 2C066E2B2581EA100015DAA1 /* Checkwork-textbook1.app */;
			productType = "com.apple.product-type.application";
		};
		2C066E402581EA140015DAA1 /* Checkwork-textbook1Tests */ = {
			isa = PBXNativeTarget;
			buildConfigurationList = 2C066E582581EA140015DAA1 /* Build configuration list for PBXNativeTarget "Checkwork-textbook1Tests" */;
			buildPhases = (
				2C066E3D2581EA140015DAA1 /* Sources */,
				2C066E3E2581EA140015DAA1 /* Frameworks */,
				2C066E3F2581EA140015DAA1 /* Resources */,
			);
			buildRules = (
			);
			dependencies = (
				2C066E432581EA140015DAA1 /* PBXTargetDependency */,
			);
			name = "Checkwork-textbook1Tests";
			productName = "Checkwork-textbook1Tests";
			productReference = 2C066E412581EA140015DAA1 /* Checkwork-textbook1Tests.xctest */;
			productType = "com.apple.product-type.bundle.unit-test";
		};
		2C066E4B2581EA140015DAA1 /* Checkwork-textbook1UITests */ = {
			isa = PBXNativeTarget;
			buildConfigurationList = 2C066E5B2581EA140015DAA1 /* Build configuration list for PBXNativeTarget "Checkwork-textbook1UITests" */;
			buildPhases = (
				2C066E482581EA140015DAA1 /* Sources */,
				2C066E492581EA140015DAA1 /* Frameworks */,
				2C066E4A2581EA140015DAA1 /* Resources */,
			);
			buildRules = (
			);
			dependencies = (
				2C066E4E2581EA140015DAA1 /* PBXTargetDependency */,
			);
			name = "Checkwork-textbook1UITests";
			productName = "Checkwork-textbook1UITests";
			productReference = 2C066E4C2581EA140015DAA1 /* Checkwork-textbook1UITests.xctest */;
			productType = "com.apple.product-type.bundle.ui-testing";
		};
/* End PBXNativeTarget section */

/* Begin PBXProject section */
		2C066E232581EA100015DAA1 /* Project object */ = {
			isa = PBXProject;
			attributes = {
				LastSwiftUpdateCheck = 1220;
				LastUpgradeCheck = 1220;
				TargetAttributes = {
					2C066E2A2581EA100015DAA1 = {
						CreatedOnToolsVersion = 12.2;
					};
					2C066E402581EA140015DAA1 = {
						CreatedOnToolsVersion = 12.2;
						TestTargetID = 2C066E2A2581EA100015DAA1;
					};
					2C066E4B2581EA140015DAA1 = {
						CreatedOnToolsVersion = 12.2;
						TestTargetID = 2C066E2A2581EA100015DAA1;
					};
				};
			};
			buildConfigurationList = 2C066E262581EA100015DAA1 /* Build configuration list for PBXProject "Checkwork-textbook1" */;
			compatibilityVersion = "Xcode 9.3";
			developmentRegion = en;
			hasScannedForEncodings = 0;
			knownRegions = (
				en,
				Base,
			);
			mainGroup = 2C066E222581EA100015DAA1;
			productRefGroup = 2C066E2C2581EA100015DAA1 /* Products */;
			projectDirPath = "";
			projectRoot = "";
			targets = (
				2C066E2A2581EA100015DAA1 /* Checkwork-textbook1 */,
				2C066E402581EA140015DAA1 /* Checkwork-textbook1Tests */,
				2C066E4B2581EA140015DAA1 /* Checkwork-textbook1UITests */,
			);
		};
/* End PBXProject section */

/* Begin PBXResourcesBuildPhase section */
		2C066E292581EA100015DAA1 /* Resources */ = {
			isa = PBXResourcesBuildPhase;
			buildActionMask = 2147483647;
			files = (
				2C066E3B2581EA140015DAA1 /* LaunchScreen.storyboard in Resources */,
				2C066E382581EA140015DAA1 /* Assets.xcassets in Resources */,
				2C066E362581EA100015DAA1 /* Main.storyboard in Resources */,
			);
			runOnlyForDeploymentPostprocessing = 0;
		};
		2C066E3F2581EA140015DAA1 /* Resources */ = {
			isa = PBXResourcesBuildPhase;
			buildActionMask = 2147483647;
			files = (
			);
			runOnlyForDeploymentPostprocessing = 0;
		};
		2C066E4A2581EA140015DAA1 /* Resources */ = {
			isa = PBXResourcesBuildPhase;
			buildActionMask = 2147483647;
			files = (
			);
			runOnlyForDeploymentPostprocessing = 0;
		};
/* End PBXResourcesBuildPhase section */

/* Begin PBXSourcesBuildPhase section */
		2C066E272581EA100015DAA1 /* Sources */ = {
			isa = PBXSourcesBuildPhase;
			buildActionMask = 2147483647;
			files = (
				2C066E332581EA100015DAA1 /* ViewController.swift in Sources */,
				2C066E2F2581EA100015DAA1 /* AppDelegate.swift in Sources */,
				2C066E312581EA100015DAA1 /* SceneDelegate.swift in Sources */,
				2C066E682581F5220015DAA1 /* ResultViewController.swift in Sources */,
			);
			runOnlyForDeploymentPostprocessing = 0;
		};
		2C066E3D2581EA140015DAA1 /* Sources */ = {
			isa = PBXSourcesBuildPhase;
			buildActionMask = 2147483647;
			files = (
				2C066E462581EA140015DAA1 /* Checkwork_textbook1Tests.swift in Sources */,
			);
			runOnlyForDeploymentPostprocessing = 0;
		};
		2C066E482581EA140015DAA1 /* Sources */ = {
			isa = PBXSourcesBuildPhase;
			buildActionMask = 2147483647;
			files = (
				2C066E512581EA140015DAA1 /* Checkwork_textbook1UITests.swift in Sources */,
			);
			runOnlyForDeploymentPostprocessing = 0;
		};
/* End PBXSourcesBuildPhase section */

/* Begin PBXTargetDependency section */
		2C066E432581EA140015DAA1 /* PBXTargetDependency */ = {
			isa = PBXTargetDependency;
			target = 2C066E2A2581EA100015DAA1 /* Checkwork-textbook1 */;
			targetProxy = 2C066E422581EA140015DAA1 /* PBXContainerItemProxy */;
		};
		2C066E4E2581EA140015DAA1 /* PBXTargetDependency */ = {
			isa = PBXTargetDependency;
			target = 2C066E2A2581EA100015DAA1 /* Checkwork-textbook1 */;
			targetProxy = 2C066E4D2581EA140015DAA1 /* PBXContainerItemProxy */;
		};
/* End PBXTargetDependency section */

/* Begin PBXVariantGroup section */
		2C066E342581EA100015DAA1 /* Main.storyboard */ = {
			isa = PBXVariantGroup;
			children = (
				2C066E352581EA100015DAA1 /* Base */,
			);
			name = Main.storyboard;
			sourceTree = "<group>";
		};
		2C066E392581EA140015DAA1 /* LaunchScreen.storyboard */ = {
			isa = PBXVariantGroup;
			children = (
				2C066E3A2581EA140015DAA1 /* Base */,
			);
			name = LaunchScreen.storyboard;
			sourceTree = "<group>";
		};
/* End PBXVariantGroup section */

/* Begin XCBuildConfiguration section */
		2C066E532581EA140015DAA1 /* Debug */ = {
			isa = XCBuildConfiguration;
			buildSettings = {
				ALWAYS_SEARCH_USER_PATHS = NO;
				CLANG_ANALYZER_NONNULL = YES;
				CLANG_ANALYZER_NUMBER_OBJECT_CONVERSION = YES_AGGRESSIVE;
				CLANG_CXX_LANGUAGE_STANDARD = "gnu++14";
				CLANG_CXX_LIBRARY = "libc++";
				CLANG_ENABLE_MODULES = YES;
				CLANG_ENABLE_OBJC_ARC = YES;
				CLANG_ENABLE_OBJC_WEAK = YES;
				CLANG_WARN_BLOCK_CAPTURE_AUTORELEASING = YES;
				CLANG_WARN_BOOL_CONVERSION = YES;
				CLANG_WARN_COMMA = YES;
				CLANG_WARN_CONSTANT_CONVERSION = YES;
				CLANG_WARN_DEPRECATED_OBJC_IMPLEMENTATIONS = YES;
				CLANG_WARN_DIRECT_OBJC_ISA_USAGE = YES_ERROR;
				CLANG_WARN_DOCUMENTATION_COMMENTS = YES;
				CLANG_WARN_EMPTY_BODY = YES;
				CLANG_WARN_ENUM_CONVERSION = YES;
				CLANG_WARN_INFINITE_RECURSION = YES;
				CLANG_WARN_INT_CONVERSION = YES;
				CLANG_WARN_NON_LITERAL_NULL_CONVERSION = YES;
				CLANG_WARN_OBJC_IMPLICIT_RETAIN_SELF = YES;
				CLANG_WARN_OBJC_LITERAL_CONVERSION = YES;
				CLANG_WARN_OBJC_ROOT_CLASS = YES_ERROR;
				CLANG_WARN_QUOTED_INCLUDE_IN_FRAMEWORK_HEADER = YES;
				CLANG_WARN_RANGE_LOOP_ANALYSIS = YES;
				CLANG_WARN_STRICT_PROTOTYPES = YES;
				CLANG_WARN_SUSPICIOUS_MOVE = YES;
				CLANG_WARN_UNGUARDED_AVAILABILITY = YES_AGGRESSIVE;
				CLANG_WARN_UNREACHABLE_CODE = YES;
				CLANG_WARN__DUPLICATE_METHOD_MATCH = YES;
				COPY_PHASE_STRIP = NO;
				DEBUG_INFORMATION_FORMAT = dwarf;
				ENABLE_STRICT_OBJC_MSGSEND = YES;
				ENABLE_TESTABILITY = YES;
				GCC_C_LANGUAGE_STANDARD = gnu11;
				GCC_DYNAMIC_NO_PIC = NO;
				GCC_NO_COMMON_BLOCKS = YES;
				GCC_OPTIMIZATION_LEVEL = 0;
				GCC_PREPROCESSOR_DEFINITIONS = (
					"DEBUG=1",
					"$(inherited)",
				);
				GCC_WARN_64_TO_32_BIT_CONVERSION = YES;
				GCC_WARN_ABOUT_RETURN_TYPE = YES_ERROR;
				GCC_WARN_UNDECLARED_SELECTOR = YES;
				GCC_WARN_UNINITIALIZED_AUTOS = YES_AGGRESSIVE;
				GCC_WARN_UNUSED_FUNCTION = YES;
				GCC_WARN_UNUSED_VARIABLE = YES;
				IPHONEOS_DEPLOYMENT_TARGET = 14.2;
				MTL_ENABLE_DEBUG_INFO = INCLUDE_SOURCE;
				MTL_FAST_MATH = YES;
				ONLY_ACTIVE_ARCH = YES;
				SDKROOT = iphoneos;
				SWIFT_ACTIVE_COMPILATION_CONDITIONS = DEBUG;
				SWIFT_OPTIMIZATION_LEVEL = "-Onone";
			};
			name = Debug;
		};
		2C066E542581EA140015DAA1 /* Release */ = {
			isa = XCBuildConfiguration;
			buildSettings = {
				ALWAYS_SEARCH_USER_PATHS = NO;
				CLANG_ANALYZER_NONNULL = YES;
				CLANG_ANALYZER_NUMBER_OBJECT_CONVERSION = YES_AGGRESSIVE;
				CLANG_CXX_LANGUAGE_STANDARD = "gnu++14";
				CLANG_CXX_LIBRARY = "libc++";
				CLANG_ENABLE_MODULES = YES;
				CLANG_ENABLE_OBJC_ARC = YES;
				CLANG_ENABLE_OBJC_WEAK = YES;
				CLANG_WARN_BLOCK_CAPTURE_AUTORELEASING = YES;
				CLANG_WARN_BOOL_CONVERSION = YES;
				CLANG_WARN_COMMA = YES;
				CLANG_WARN_CONSTANT_CONVERSION = YES;
				CLANG_WARN_DEPRECATED_OBJC_IMPLEMENTATIONS = YES;
				CLANG_WARN_DIRECT_OBJC_ISA_USAGE = YES_ERROR;
				CLANG_WARN_DOCUMENTATION_COMMENTS = YES;
				CLANG_WARN_EMPTY_BODY = YES;
				CLANG_WARN_ENUM_CONVERSION = YES;
				CLANG_WARN_INFINITE_RECURSION = YES;
				CLANG_WARN_INT_CONVERSION = YES;
				CLANG_WARN_NON_LITERAL_NULL_CONVERSION = YES;
				CLANG_WARN_OBJC_IMPLICIT_RETAIN_SELF = YES;
				CLANG_WARN_OBJC_LITERAL_CONVERSION = YES;
				CLANG_WARN_OBJC_ROOT_CLASS = YES_ERROR;
				CLANG_WARN_QUOTED_INCLUDE_IN_FRAMEWORK_HEADER = YES;
				CLANG_WARN_RANGE_LOOP_ANALYSIS = YES;
				CLANG_WARN_STRICT_PROTOTYPES = YES;
				CLANG_WARN_SUSPICIOUS_MOVE = YES;
				CLANG_WARN_UNGUARDED_AVAILABILITY = YES_AGGRESSIVE;
				CLANG_WARN_UNREACHABLE_CODE = YES;
				CLANG_WARN__DUPLICATE_METHOD_MATCH = YES;
				COPY_PHASE_STRIP = NO;
				DEBUG_INFORMATION_FORMAT = "dwarf-with-dsym";
				ENABLE_NS_ASSERTIONS = NO;
				ENABLE_STRICT_OBJC_MSGSEND = YES;
				GCC_C_LANGUAGE_STANDARD = gnu11;
				GCC_NO_COMMON_BLOCKS = YES;
				GCC_WARN_64_TO_32_BIT_CONVERSION = YES;
				GCC_WARN_ABOUT_RETURN_TYPE = YES_ERROR;
				GCC_WARN_UNDECLARED_SELECTOR = YES;
				GCC_WARN_UNINITIALIZED_AUTOS = YES_AGGRESSIVE;
				GCC_WARN_UNUSED_FUNCTION = YES;
				GCC_WARN_UNUSED_VARIABLE = YES;
				IPHONEOS_DEPLOYMENT_TARGET = 14.2;
				MTL_ENABLE_DEBUG_INFO = NO;
				MTL_FAST_MATH = YES;
				SDKROOT = iphoneos;
				SWIFT_COMPILATION_MODE = wholemodule;
				SWIFT_OPTIMIZATION_LEVEL = "-O";
				VALIDATE_PRODUCT = YES;
			};
			name = Release;
		};
		2C066E562581EA140015DAA1 /* Debug */ = {
			isa = XCBuildConfiguration;
			buildSettings = {
				ASSETCATALOG_COMPILER_APPICON_NAME = AppIcon;
				ASSETCATALOG_COMPILER_GLOBAL_ACCENT_COLOR_NAME = AccentColor;
				CODE_SIGN_STYLE = Automatic;
				INFOPLIST_FILE = "Checkwork-textbook1/Info.plist";
				LD_RUNPATH_SEARCH_PATHS = (
					"$(inherited)",
					"@executable_path/Frameworks",
				);
				PRODUCT_BUNDLE_IDENTIFIER = "app.Ito.Akki.Checkwork-textbook1";
				PRODUCT_NAME = "$(TARGET_NAME)";
				SWIFT_VERSION = 5.0;
				TARGETED_DEVICE_FAMILY = "1,2";
			};
			name = Debug;
		};
		2C066E572581EA140015DAA1 /* Release */ = {
			isa = XCBuildConfiguration;
			buildSettings = {
				ASSETCATALOG_COMPILER_APPICON_NAME = AppIcon;
				ASSETCATALOG_COMPILER_GLOBAL_ACCENT_COLOR_NAME = AccentColor;
				CODE_SIGN_STYLE = Automatic;
				INFOPLIST_FILE = "Checkwork-textbook1/Info.plist";
				LD_RUNPATH_SEARCH_PATHS = (
					"$(inherited)",
					"@executable_path/Frameworks",
				);
				PRODUCT_BUNDLE_IDENTIFIER = "app.Ito.Akki.Checkwork-textbook1";
				PRODUCT_NAME = "$(TARGET_NAME)";
				SWIFT_VERSION = 5.0;
				TARGETED_DEVICE_FAMILY = "1,2";
			};
			name = Release;
		};
		2C066E592581EA140015DAA1 /* Debug */ = {
			isa = XCBuildConfiguration;
			buildSettings = {
				ALWAYS_EMBED_SWIFT_STANDARD_LIBRARIES = YES;
				BUNDLE_LOADER = "$(TEST_HOST)";
				CODE_SIGN_STYLE = Automatic;
				INFOPLIST_FILE = "Checkwork-textbook1Tests/Info.plist";
				IPHONEOS_DEPLOYMENT_TARGET = 14.2;
				LD_RUNPATH_SEARCH_PATHS = (
					"$(inherited)",
					"@executable_path/Frameworks",
					"@loader_path/Frameworks",
				);
				PRODUCT_BUNDLE_IDENTIFIER = "app.Ito.Akki.Checkwork-textbook1Tests";
				PRODUCT_NAME = "$(TARGET_NAME)";
				SWIFT_VERSION = 5.0;
				TARGETED_DEVICE_FAMILY = "1,2";
				TEST_HOST = "$(BUILT_PRODUCTS_DIR)/Checkwork-textbook1.app/Checkwork-textbook1";
			};
			name = Debug;
		};
		2C066E5A2581EA140015DAA1 /* Release */ = {
			isa = XCBuildConfiguration;
			buildSettings = {
				ALWAYS_EMBED_SWIFT_STANDARD_LIBRARIES = YES;
				BUNDLE_LOADER = "$(TEST_HOST)";
				CODE_SIGN_STYLE = Automatic;
				INFOPLIST_FILE = "Checkwork-textbook1Tests/Info.plist";
				IPHONEOS_DEPLOYMENT_TARGET = 14.2;
				LD_RUNPATH_SEARCH_PATHS = (
					"$(inherited)",
					"@executable_path/Frameworks",
					"@loader_path/Frameworks",
				);
				PRODUCT_BUNDLE_IDENTIFIER = "app.Ito.Akki.Checkwork-textbook1Tests";
				PRODUCT_NAME = "$(TARGET_NAME)";
				SWIFT_VERSION = 5.0;
				TARGETED_DEVICE_FAMILY = "1,2";
				TEST_HOST = "$(BUILT_PRODUCTS_DIR)/Checkwork-textbook1.app/Checkwork-textbook1";
			};
			name = Release;
		};
		2C066E5C2581EA140015DAA1 /* Debug */ = {
			isa = XCBuildConfiguration;
			buildSettings = {
				ALWAYS_EMBED_SWIFT_STANDARD_LIBRARIES = YES;
				CODE_SIGN_STYLE = Automatic;
				INFOPLIST_FILE = "Checkwork-textbook1UITests/Info.plist";
				LD_RUNPATH_SEARCH_PATHS = (
					"$(inherited)",
					"@executable_path/Frameworks",
					"@loader_path/Frameworks",
				);
				PRODUCT_BUNDLE_IDENTIFIER = "app.Ito.Akki.Checkwork-textbook1UITests";
				PRODUCT_NAME = "$(TARGET_NAME)";
				SWIFT_VERSION = 5.0;
				TARGETED_DEVICE_FAMILY = "1,2";
				TEST_TARGET_NAME = "Checkwork-textbook1";
			};
			name = Debug;
		};
		2C066E5D2581EA140015DAA1 /* Release */ = {
			isa = XCBuildConfiguration;
			buildSettings = {
				ALWAYS_EMBED_SWIFT_STANDARD_LIBRARIES = YES;
				CODE_SIGN_STYLE = Automatic;
				INFOPLIST_FILE = "Checkwork-textbook1UITests/Info.plist";
				LD_RUNPATH_SEARCH_PATHS = (
					"$(inherited)",
					"@executable_path/Frameworks",
					"@loader_path/Frameworks",
				);
				PRODUCT_BUNDLE_IDENTIFIER = "app.Ito.Akki.Checkwork-textbook1UITests";
				PRODUCT_NAME = "$(TARGET_NAME)";
				SWIFT_VERSION = 5.0;
				TARGETED_DEVICE_FAMILY = "1,2";
				TEST_TARGET_NAME = "Checkwork-textbook1";
			};
			name = Release;
		};
/* End XCBuildConfiguration section */

/* Begin XCConfigurationList section */
		2C066E262581EA100015DAA1 /* Build configuration list for PBXProject "Checkwork-textbook1" */ = {
			isa = XCConfigurationList;
			buildConfigurations = (
				2C066E532581EA140015DAA1 /* Debug */,
				2C066E542581EA140015DAA1 /* Release */,
			);
			defaultConfigurationIsVisible = 0;
			defaultConfigurationName = Release;
		};
		2C066E552581EA140015DAA1 /* Build configuration list for PBXNativeTarget "Checkwork-textbook1" */ = {
			isa = XCConfigurationList;
			buildConfigurations = (
				2C066E562581EA140015DAA1 /* Debug */,
				2C066E572581EA140015DAA1 /* Release */,
			);
			defaultConfigurationIsVisible = 0;
			defaultConfigurationName = Release;
		};
		2C066E582581EA140015DAA1 /* Build configuration list for PBXNativeTarget "Checkwork-textbook1Tests" */ = {
			isa = XCConfigurationList;
			buildConfigurations = (
				2C066E592581EA140015DAA1 /* Debug */,
				2C066E5A2581EA140015DAA1 /* Release */,
			);
			defaultConfigurationIsVisible = 0;
			defaultConfigurationName = Release;
		};
		2C066E5B2581EA140015DAA1 /* Build configuration list for PBXNativeTarget "Checkwork-textbook1UITests" */ = {
			isa = XCConfigurationList;
			buildConfigurations = (
				2C066E5C2581EA140015DAA1 /* Debug */,
				2C066E5D2581EA140015DAA1 /* Release */,
			);
			defaultConfigurationIsVisible = 0;
			defaultConfigurationName = Release;
		};
/* End XCConfigurationList section */
	};
	rootObject = 2C066E232581EA100015DAA1 /* Project object */;
}
